
Microsoft Visual Studio Solution File, Format Version 12.00
# Visual Studio Version 16
VisualStudioVersion = 16.0.29209.62
MinimumVisualStudioVersion = 10.0.40219.1
Project("{9A19103F-16F7-4668-BE54-9A1E7A4F7556}") = "WebFeatures.WebApi", "WebFeatures.WebApi\WebFeatures.WebApi.csproj", "{C21F9FCE-8781-48F3-90CE-5095AAD6FB73}"
EndProject
Project("{9A19103F-16F7-4668-BE54-9A1E7A4F7556}") = "WebFeatures.Domian", "WebFeatures.Domian\WebFeatures.Domian.csproj", "{7C82B77D-2C44-46F1-863D-A2F625549CF2}"
EndProject
Project("{9A19103F-16F7-4668-BE54-9A1E7A4F7556}") = "WebFeatures.DbUpdater", "WebFeatures.DbUpdater\WebFeatures.DbUpdater.csproj", "{9210EE68-B2D1-4067-8979-2A47C1C99404}"
EndProject
Project("{9A19103F-16F7-4668-BE54-9A1E7A4F7556}") = "WebFeatures.DataContext.Sql", "WebFeatures.DataContext.Sql\WebFeatures.DataContext.Sql.csproj", "{AF52DD23-B0C5-4FD5-B9FB-D566FB171D29}"
EndProject
Project("{9A19103F-16F7-4668-BE54-9A1E7A4F7556}") = "WebFeatures.DataContext", "WebFeatures.DataContext\WebFeatures.DataContext.csproj", "{A388E83F-789B-4BA2-9CF5-3466CBDB151A}"
EndProject
Project("{9A19103F-16F7-4668-BE54-9A1E7A4F7556}") = "WebFeatures.Common", "WebFeatures.Common\WebFeatures.Common.csproj", "{256E7605-B5A8-48F7-97A2-20FCCD1F1FD4}"
EndProject
Project("{9A19103F-16F7-4668-BE54-9A1E7A4F7556}") = "WebFeatures.Application", "WebFeatures.Application\WebFeatures.Application.csproj", "{F0EE8045-A85E-4579-A4FF-288D925C1B1C}"
EndProject
Project("{2150E333-8FDC-42A3-9474-1A3956D46DE8}") = "Common", "Common", "{94052F36-24E0-4D34-B074-DD18062DF3D2}"
EndProject
Project("{2150E333-8FDC-42A3-9474-1A3956D46DE8}") = "Core", "Core", "{4E17D3E9-919A-459A-ACCA-729A53643EA5}"
EndProject
Project("{2150E333-8FDC-42A3-9474-1A3956D46DE8}") = "Data", "Data", "{1D8BACD0-90AD-4B3D-A933-E00640FCEBC9}"
EndProject
Project("{9A19103F-16F7-4668-BE54-9A1E7A4F7556}") = "WebFeatures.QueryFiltering", "WebFeatures.QueryFiltering\WebFeatures.QueryFiltering.csproj", "{5777B0E7-6782-459B-8C43-1FE70228D373}"
EndProject
Project("{2150E333-8FDC-42A3-9474-1A3956D46DE8}") = "Infrastructure", "Infrastructure", "{BA4A1C8A-08EB-479C-BFCF-836EEA78ED93}"
EndProject
Project("{9A19103F-16F7-4668-BE54-9A1E7A4F7556}") = "WebFeatures.Specifications", "WebFeatures.Specifications\WebFeatures.Specifications.csproj", "{8C6F0535-0794-46B0-8DEC-D4CC59D797D3}"
EndProject
Global
	GlobalSection(SolutionConfigurationPlatforms) = preSolution
		Debug|Any CPU = Debug|Any CPU
		Release|Any CPU = Release|Any CPU
	EndGlobalSection
	GlobalSection(ProjectConfigurationPlatforms) = postSolution
		{C21F9FCE-8781-48F3-90CE-5095AAD6FB73}.Debug|Any CPU.ActiveCfg = Debug|Any CPU
		{C21F9FCE-8781-48F3-90CE-5095AAD6FB73}.Debug|Any CPU.Build.0 = Debug|Any CPU
		{C21F9FCE-8781-48F3-90CE-5095AAD6FB73}.Release|Any CPU.ActiveCfg = Release|Any CPU
		{C21F9FCE-8781-48F3-90CE-5095AAD6FB73}.Release|Any CPU.Build.0 = Release|Any CPU
		{7C82B77D-2C44-46F1-863D-A2F625549CF2}.Debug|Any CPU.ActiveCfg = Debug|Any CPU
		{7C82B77D-2C44-46F1-863D-A2F625549CF2}.Debug|Any CPU.Build.0 = Debug|Any CPU
		{7C82B77D-2C44-46F1-863D-A2F625549CF2}.Release|Any CPU.ActiveCfg = Release|Any CPU
		{7C82B77D-2C44-46F1-863D-A2F625549CF2}.Release|Any CPU.Build.0 = Release|Any CPU
		{9210EE68-B2D1-4067-8979-2A47C1C99404}.Debug|Any CPU.ActiveCfg = Debug|Any CPU
		{9210EE68-B2D1-4067-8979-2A47C1C99404}.Debug|Any CPU.Build.0 = Debug|Any CPU
		{9210EE68-B2D1-4067-8979-2A47C1C99404}.Release|Any CPU.ActiveCfg = Release|Any CPU
		{9210EE68-B2D1-4067-8979-2A47C1C99404}.Release|Any CPU.Build.0 = Release|Any CPU
		{AF52DD23-B0C5-4FD5-B9FB-D566FB171D29}.Debug|Any CPU.ActiveCfg = Debug|Any CPU
		{AF52DD23-B0C5-4FD5-B9FB-D566FB171D29}.Debug|Any CPU.Build.0 = Debug|Any CPU
		{AF52DD23-B0C5-4FD5-B9FB-D566FB171D29}.Release|Any CPU.ActiveCfg = Release|Any CPU
		{AF52DD23-B0C5-4FD5-B9FB-D566FB171D29}.Release|Any CPU.Build.0 = Release|Any CPU
		{A388E83F-789B-4BA2-9CF5-3466CBDB151A}.Debug|Any CPU.ActiveCfg = Debug|Any CPU
		{A388E83F-789B-4BA2-9CF5-3466CBDB151A}.Debug|Any CPU.Build.0 = Debug|Any CPU
		{A388E83F-789B-4BA2-9CF5-3466CBDB151A}.Release|Any CPU.ActiveCfg = Release|Any CPU
		{A388E83F-789B-4BA2-9CF5-3466CBDB151A}.Release|Any CPU.Build.0 = Release|Any CPU
		{256E7605-B5A8-48F7-97A2-20FCCD1F1FD4}.Debug|Any CPU.ActiveCfg = Debug|Any CPU
		{256E7605-B5A8-48F7-97A2-20FCCD1F1FD4}.Debug|Any CPU.Build.0 = Debug|Any CPU
		{256E7605-B5A8-48F7-97A2-20FCCD1F1FD4}.Release|Any CPU.ActiveCfg = Release|Any CPU
		{256E7605-B5A8-48F7-97A2-20FCCD1F1FD4}.Release|Any CPU.Build.0 = Release|Any CPU
		{F0EE8045-A85E-4579-A4FF-288D925C1B1C}.Debug|Any CPU.ActiveCfg = Debug|Any CPU
		{F0EE8045-A85E-4579-A4FF-288D925C1B1C}.Debug|Any CPU.Build.0 = Debug|Any CPU
		{F0EE8045-A85E-4579-A4FF-288D925C1B1C}.Release|Any CPU.ActiveCfg = Release|Any CPU
		{F0EE8045-A85E-4579-A4FF-288D925C1B1C}.Release|Any CPU.Build.0 = Release|Any CPU
		{5777B0E7-6782-459B-8C43-1FE70228D373}.Debug|Any CPU.ActiveCfg = Debug|Any CPU
		{5777B0E7-6782-459B-8C43-1FE70228D373}.Debug|Any CPU.Build.0 = Debug|Any CPU
		{5777B0E7-6782-459B-8C43-1FE70228D373}.Release|Any CPU.ActiveCfg = Release|Any CPU
		{5777B0E7-6782-459B-8C43-1FE70228D373}.Release|Any CPU.Build.0 = Release|Any CPU
		{8C6F0535-0794-46B0-8DEC-D4CC59D797D3}.Debug|Any CPU.ActiveCfg = Debug|Any CPU
		{8C6F0535-0794-46B0-8DEC-D4CC59D797D3}.Debug|Any CPU.Build.0 = Debug|Any CPU
		{8C6F0535-0794-46B0-8DEC-D4CC59D797D3}.Release|Any CPU.ActiveCfg = Release|Any CPU
		{8C6F0535-0794-46B0-8DEC-D4CC59D797D3}.Release|Any CPU.Build.0 = Release|Any CPU
	EndGlobalSection
	GlobalSection(SolutionProperties) = preSolution
		HideSolutionNode = FALSE
	EndGlobalSection
	GlobalSection(NestedProjects) = preSolution
		{7C82B77D-2C44-46F1-863D-A2F625549CF2} = {4E17D3E9-919A-459A-ACCA-729A53643EA5}
		{9210EE68-B2D1-4067-8979-2A47C1C99404} = {1D8BACD0-90AD-4B3D-A933-E00640FCEBC9}
		{AF52DD23-B0C5-4FD5-B9FB-D566FB171D29} = {1D8BACD0-90AD-4B3D-A933-E00640FCEBC9}
		{A388E83F-789B-4BA2-9CF5-3466CBDB151A} = {1D8BACD0-90AD-4B3D-A933-E00640FCEBC9}
		{256E7605-B5A8-48F7-97A2-20FCCD1F1FD4} = {94052F36-24E0-4D34-B074-DD18062DF3D2}
		{F0EE8045-A85E-4579-A4FF-288D925C1B1C} = {4E17D3E9-919A-459A-ACCA-729A53643EA5}
		{5777B0E7-6782-459B-8C43-1FE70228D373} = {BA4A1C8A-08EB-479C-BFCF-836EEA78ED93}
		{8C6F0535-0794-46B0-8DEC-D4CC59D797D3} = {BA4A1C8A-08EB-479C-BFCF-836EEA78ED93}
	EndGlobalSection
	GlobalSection(ExtensibilityGlobals) = postSolution
		SolutionGuid = {E16CD488-F71F-4021-9317-32C3EAD750F6}
	EndGlobalSection
EndGlobal
