
Microsoft Visual Studio Solution File, Format Version 12.00
# Visual Studio Version 16
VisualStudioVersion = 16.0.29209.62
MinimumVisualStudioVersion = 10.0.40219.1
Project("{9A19103F-16F7-4668-BE54-9A1E7A4F7556}") = "WebFeatures.WebApi", "WebFeatures.WebApi\WebFeatures.WebApi.csproj", "{C21F9FCE-8781-48F3-90CE-5095AAD6FB73}"
EndProject
Project("{2150E333-8FDC-42A3-9474-1A3956D46DE8}") = "Common", "Common", "{94052F36-24E0-4D34-B074-DD18062DF3D2}"
EndProject
Project("{2150E333-8FDC-42A3-9474-1A3956D46DE8}") = "Application", "Application", "{4E17D3E9-919A-459A-ACCA-729A53643EA5}"
EndProject
Project("{2150E333-8FDC-42A3-9474-1A3956D46DE8}") = "Infrastructure", "Infrastructure", "{BA4A1C8A-08EB-479C-BFCF-836EEA78ED93}"
EndProject
Project("{2150E333-8FDC-42A3-9474-1A3956D46DE8}") = "Tests", "Tests", "{7647C8BC-5DB2-49FA-86B8-09A8AC7F4F0D}"
EndProject
Project("{9A19103F-16F7-4668-BE54-9A1E7A4F7556}") = "WebFeatures.Common", "Common\WebFeatures.Common\WebFeatures.Common.csproj", "{2916C5A1-8301-465D-8868-612BC09F0BF0}"
EndProject
Project("{9A19103F-16F7-4668-BE54-9A1E7A4F7556}") = "WebFeatures.Events", "Common\WebFeatures.Events\WebFeatures.Events.csproj", "{93CADF6D-C38C-47ED-B803-40C4291D2190}"
EndProject
Project("{9A19103F-16F7-4668-BE54-9A1E7A4F7556}") = "WebFeatures.Requests", "Common\WebFeatures.Requests\WebFeatures.Requests.csproj", "{E3E686A5-E68B-484C-A85E-4955A33AA477}"
EndProject
Project("{9A19103F-16F7-4668-BE54-9A1E7A4F7556}") = "WebFeatures.Application", "Application\WebFeatures.Application\WebFeatures.Application.csproj", "{2F96DC72-79B0-4C50-9416-AB0DC4F344BE}"
EndProject
Project("{9A19103F-16F7-4668-BE54-9A1E7A4F7556}") = "WebFeatures.Domian", "Application\WebFeatures.Domian\WebFeatures.Domian.csproj", "{CF9F4E52-CE1E-407E-A2D5-B5117B858DAB}"
EndProject
Project("{9A19103F-16F7-4668-BE54-9A1E7A4F7556}") = "WebFeatures.Infrastructure", "Infrastructure\WebFeatures.Infrastructure\WebFeatures.Infrastructure.csproj", "{04F53F84-3F05-4403-A7EB-7C4659F26BAF}"
EndProject
Project("{9A19103F-16F7-4668-BE54-9A1E7A4F7556}") = "WebFeatures.JobsServer", "WebFeatures.JobsServer\WebFeatures.JobsServer.csproj", "{B9621057-9A09-4153-AA3F-E3B6A66F45CC}"
EndProject
Project("{2150E333-8FDC-42A3-9474-1A3956D46DE8}") = "Tools", "Tools", "{1E2CF22E-2214-489C-BD8A-81C4A1303C3C}"
EndProject
Project("{9A19103F-16F7-4668-BE54-9A1E7A4F7556}") = "WebFeatures.DatabaseInitializer", "Tools\WebFeatures.DatabaseInitializer\WebFeatures.DatabaseInitializer.csproj", "{F036BE2D-8D0C-4FB9-93D9-4BF0905CE7B0}"
EndProject
Project("{9A19103F-16F7-4668-BE54-9A1E7A4F7556}") = "WebFeatures.Infrastructure.Tests", "Tests\WebFeatures.Infrastructure.Tests\WebFeatures.Infrastructure.Tests.csproj", "{F6EF8E2A-2D04-4279-A959-15916DF51475}"
EndProject
Project("{2150E333-8FDC-42A3-9474-1A3956D46DE8}") = "Scripts", "Scripts", "{61D99F85-E7C0-4490-AD7A-3D1E301E68BC}"
EndProject
Project("{2150E333-8FDC-42A3-9474-1A3956D46DE8}") = "Schema", "Schema", "{2114CA68-E454-4CF7-879E-0F1BAFA75A3C}"
	ProjectSection(SolutionItems) = preProject
		Scripts\Schema\Functions.sql = Scripts\Schema\Functions.sql
		Scripts\Schema\Tables.sql = Scripts\Schema\Tables.sql
	EndProjectSection
EndProject
Project("{2150E333-8FDC-42A3-9474-1A3956D46DE8}") = "Solution Items", "Solution Items", "{1292254E-A1F2-48B7-8521-819951597C7D}"
	ProjectSection(SolutionItems) = preProject
		TODO.txt = TODO.txt
	EndProjectSection
EndProject
Project("{FAE04EC0-301F-11D3-BF4B-00C04F79EFBC}") = "WebFeatures.Requests.Tests", "Tests\WebFeatures.Requests.Tests\WebFeatures.Requests.Tests.csproj", "{9C3EAE6E-2110-47C2-9F78-29522E372C8C}"
EndProject
Global
	GlobalSection(SolutionConfigurationPlatforms) = preSolution
		Debug|Any CPU = Debug|Any CPU
		Release|Any CPU = Release|Any CPU
	EndGlobalSection
	GlobalSection(ProjectConfigurationPlatforms) = postSolution
		{C21F9FCE-8781-48F3-90CE-5095AAD6FB73}.Debug|Any CPU.ActiveCfg = Debug|Any CPU
		{C21F9FCE-8781-48F3-90CE-5095AAD6FB73}.Debug|Any CPU.Build.0 = Debug|Any CPU
		{C21F9FCE-8781-48F3-90CE-5095AAD6FB73}.Release|Any CPU.ActiveCfg = Release|Any CPU
		{C21F9FCE-8781-48F3-90CE-5095AAD6FB73}.Release|Any CPU.Build.0 = Release|Any CPU
		{2916C5A1-8301-465D-8868-612BC09F0BF0}.Debug|Any CPU.ActiveCfg = Debug|Any CPU
		{2916C5A1-8301-465D-8868-612BC09F0BF0}.Debug|Any CPU.Build.0 = Debug|Any CPU
		{2916C5A1-8301-465D-8868-612BC09F0BF0}.Release|Any CPU.ActiveCfg = Release|Any CPU
		{2916C5A1-8301-465D-8868-612BC09F0BF0}.Release|Any CPU.Build.0 = Release|Any CPU
		{93CADF6D-C38C-47ED-B803-40C4291D2190}.Debug|Any CPU.ActiveCfg = Debug|Any CPU
		{93CADF6D-C38C-47ED-B803-40C4291D2190}.Debug|Any CPU.Build.0 = Debug|Any CPU
		{93CADF6D-C38C-47ED-B803-40C4291D2190}.Release|Any CPU.ActiveCfg = Release|Any CPU
		{93CADF6D-C38C-47ED-B803-40C4291D2190}.Release|Any CPU.Build.0 = Release|Any CPU
		{E3E686A5-E68B-484C-A85E-4955A33AA477}.Debug|Any CPU.ActiveCfg = Debug|Any CPU
		{E3E686A5-E68B-484C-A85E-4955A33AA477}.Debug|Any CPU.Build.0 = Debug|Any CPU
		{E3E686A5-E68B-484C-A85E-4955A33AA477}.Release|Any CPU.ActiveCfg = Release|Any CPU
		{E3E686A5-E68B-484C-A85E-4955A33AA477}.Release|Any CPU.Build.0 = Release|Any CPU
		{2F96DC72-79B0-4C50-9416-AB0DC4F344BE}.Debug|Any CPU.ActiveCfg = Debug|Any CPU
		{2F96DC72-79B0-4C50-9416-AB0DC4F344BE}.Debug|Any CPU.Build.0 = Debug|Any CPU
		{2F96DC72-79B0-4C50-9416-AB0DC4F344BE}.Release|Any CPU.ActiveCfg = Release|Any CPU
		{2F96DC72-79B0-4C50-9416-AB0DC4F344BE}.Release|Any CPU.Build.0 = Release|Any CPU
		{CF9F4E52-CE1E-407E-A2D5-B5117B858DAB}.Debug|Any CPU.ActiveCfg = Debug|Any CPU
		{CF9F4E52-CE1E-407E-A2D5-B5117B858DAB}.Debug|Any CPU.Build.0 = Debug|Any CPU
		{CF9F4E52-CE1E-407E-A2D5-B5117B858DAB}.Release|Any CPU.ActiveCfg = Release|Any CPU
		{CF9F4E52-CE1E-407E-A2D5-B5117B858DAB}.Release|Any CPU.Build.0 = Release|Any CPU
		{04F53F84-3F05-4403-A7EB-7C4659F26BAF}.Debug|Any CPU.ActiveCfg = Debug|Any CPU
		{04F53F84-3F05-4403-A7EB-7C4659F26BAF}.Debug|Any CPU.Build.0 = Debug|Any CPU
		{04F53F84-3F05-4403-A7EB-7C4659F26BAF}.Release|Any CPU.ActiveCfg = Release|Any CPU
		{04F53F84-3F05-4403-A7EB-7C4659F26BAF}.Release|Any CPU.Build.0 = Release|Any CPU
		{B9621057-9A09-4153-AA3F-E3B6A66F45CC}.Debug|Any CPU.ActiveCfg = Debug|Any CPU
		{B9621057-9A09-4153-AA3F-E3B6A66F45CC}.Debug|Any CPU.Build.0 = Debug|Any CPU
		{B9621057-9A09-4153-AA3F-E3B6A66F45CC}.Release|Any CPU.ActiveCfg = Release|Any CPU
		{B9621057-9A09-4153-AA3F-E3B6A66F45CC}.Release|Any CPU.Build.0 = Release|Any CPU
		{F036BE2D-8D0C-4FB9-93D9-4BF0905CE7B0}.Debug|Any CPU.ActiveCfg = Debug|Any CPU
		{F036BE2D-8D0C-4FB9-93D9-4BF0905CE7B0}.Debug|Any CPU.Build.0 = Debug|Any CPU
		{F036BE2D-8D0C-4FB9-93D9-4BF0905CE7B0}.Release|Any CPU.ActiveCfg = Release|Any CPU
		{F036BE2D-8D0C-4FB9-93D9-4BF0905CE7B0}.Release|Any CPU.Build.0 = Release|Any CPU
		{F6EF8E2A-2D04-4279-A959-15916DF51475}.Debug|Any CPU.ActiveCfg = Debug|Any CPU
		{F6EF8E2A-2D04-4279-A959-15916DF51475}.Debug|Any CPU.Build.0 = Debug|Any CPU
		{F6EF8E2A-2D04-4279-A959-15916DF51475}.Release|Any CPU.ActiveCfg = Release|Any CPU
		{F6EF8E2A-2D04-4279-A959-15916DF51475}.Release|Any CPU.Build.0 = Release|Any CPU
		{9C3EAE6E-2110-47C2-9F78-29522E372C8C}.Debug|Any CPU.ActiveCfg = Debug|Any CPU
		{9C3EAE6E-2110-47C2-9F78-29522E372C8C}.Debug|Any CPU.Build.0 = Debug|Any CPU
		{9C3EAE6E-2110-47C2-9F78-29522E372C8C}.Release|Any CPU.ActiveCfg = Release|Any CPU
		{9C3EAE6E-2110-47C2-9F78-29522E372C8C}.Release|Any CPU.Build.0 = Release|Any CPU
	EndGlobalSection
	GlobalSection(SolutionProperties) = preSolution
		HideSolutionNode = FALSE
	EndGlobalSection
	GlobalSection(NestedProjects) = preSolution
		{2916C5A1-8301-465D-8868-612BC09F0BF0} = {94052F36-24E0-4D34-B074-DD18062DF3D2}
		{93CADF6D-C38C-47ED-B803-40C4291D2190} = {94052F36-24E0-4D34-B074-DD18062DF3D2}
		{E3E686A5-E68B-484C-A85E-4955A33AA477} = {94052F36-24E0-4D34-B074-DD18062DF3D2}
		{2F96DC72-79B0-4C50-9416-AB0DC4F344BE} = {4E17D3E9-919A-459A-ACCA-729A53643EA5}
		{CF9F4E52-CE1E-407E-A2D5-B5117B858DAB} = {4E17D3E9-919A-459A-ACCA-729A53643EA5}
		{04F53F84-3F05-4403-A7EB-7C4659F26BAF} = {BA4A1C8A-08EB-479C-BFCF-836EEA78ED93}
		{F036BE2D-8D0C-4FB9-93D9-4BF0905CE7B0} = {1E2CF22E-2214-489C-BD8A-81C4A1303C3C}
		{F6EF8E2A-2D04-4279-A959-15916DF51475} = {7647C8BC-5DB2-49FA-86B8-09A8AC7F4F0D}
		{2114CA68-E454-4CF7-879E-0F1BAFA75A3C} = {61D99F85-E7C0-4490-AD7A-3D1E301E68BC}
		{9C3EAE6E-2110-47C2-9F78-29522E372C8C} = {7647C8BC-5DB2-49FA-86B8-09A8AC7F4F0D}
	EndGlobalSection
	GlobalSection(ExtensibilityGlobals) = postSolution
		SolutionGuid = {E16CD488-F71F-4021-9317-32C3EAD750F6}
	EndGlobalSection
EndGlobal
